{
  "object": {
    "pins": [
      {
        "package": "AMCodeScanner",
        "repositoryURL": "https://github.com/DungeonDev78/AMCodeScanner.git",
        "state": {
          "branch": null,
          "revision": "5735678f46992c8edf20962b542c27b7d7499ffc",
          "version": "1.0.0"
        }
      }
    ]
  },
  "version": 1
}
