// !$*UTF8*$!
{
	archiveVersion = 1;
	classes = {
	};
	objectVersion = 52;
	objects = {

/* Begin PBXBuildFile section */
		A809FBDE25F66C0600DB8670 /* AppDelegate.swift in Sources */ = {isa = PBXBuildFile; fileRef = A809FBDD25F66C0600DB8670 /* AppDelegate.swift */; };
		A809FBE025F66C0600DB8670 /* SceneDelegate.swift in Sources */ = {isa = PBXBuildFile; fileRef = A809FBDF25F66C0600DB8670 /* SceneDelegate.swift */; };
		A809FBE225F66C0600DB8670 /* ViewController.swift in Sources */ = {isa = PBXBuildFile; fileRef = A809FBE125F66C0600DB8670 /* ViewController.swift */; };
		A809FBE725F66C0700DB8670 /* Assets.xcassets in Resources */ = {isa = PBXBuildFile; fileRef = A809FBE625F66C0700DB8670 /* Assets.xcassets */; };
		A809FBEA25F66C0700DB8670 /* LaunchScreen.storyboard in Resources */ = {isa = PBXBuildFile; fileRef = A809FBE825F66C0700DB8670 /* LaunchScreen.storyboard */; };
		A83A88E025F6872100AC17D0 /* Main.storyboard in Resources */ = {isa = PBXBuildFile; fileRef = A83A88DF25F6872100AC17D0 /* Main.storyboard */; };
		A83A88E425F6882E00AC17D0 /* AMCodeScanner in Frameworks */ = {isa = PBXBuildFile; productRef = A83A88E325F6882E00AC17D0 /* AMCodeScanner */; };
/* End PBXBuildFile section */

/* Begin PBXFileReference section */
		A809FBDA25F66C0600DB8670 /* AMCodeScanner_Example.app */ = {isa = PBXFileReference; explicitFileType = wrapper.application; includeInIndex = 0; path = AMCodeScanner_Example.app; sourceTree = BUILT_PRODUCTS_DIR; };
		A809FBDD25F66C0600DB8670 /* AppDelegate.swift */ = {isa = PBXFileReference; lastKnownFileType = sourcecode.swift; path = AppDelegate.swift; sourceTree = "<group>"; };
		A809FBDF25F66C0600DB8670 /* SceneDelegate.swift */ = {isa = PBXFileReference; lastKnownFileType = sourcecode.swift; path = SceneDelegate.swift; sourceTree = "<group>"; };
		A809FBE125F66C0600DB8670 /* ViewController.swift */ = {isa = PBXFileReference; lastKnownFileType = sourcecode.swift; path = ViewController.swift; sourceTree = "<group>"; };
		A809FBE625F66C0700DB8670 /* Assets.xcassets */ = {isa = PBXFileReference; lastKnownFileType = folder.assetcatalog; path = Assets.xcassets; sourceTree = "<group>"; };
		A809FBE925F66C0700DB8670 /* Base */ = {isa = PBXFileReference; lastKnownFileType = file.storyboard; name = Base; path = Base.lproj/LaunchScreen.storyboard; sourceTree = "<group>"; };
		A809FBEB25F66C0700DB8670 /* Info.plist */ = {isa = PBXFileReference; lastKnownFileType = text.plist.xml; path = Info.plist; sourceTree = "<group>"; };
		A83A88DF25F6872100AC17D0 /* Main.storyboard */ = {isa = PBXFileReference; lastKnownFileType = file.storyboard; path = Main.storyboard; sourceTree = "<group>"; };
/* End PBXFileReference section */

/* Begin PBXFrameworksBuildPhase section */
		A809FBD725F66C0600DB8670 /* Frameworks */ = {
			isa = PBXFrameworksBuildPhase;
			buildActionMask = 2147483647;
			files = (
				A83A88E425F6882E00AC17D0 /* AMCodeScanner in Frameworks */,
			);
			runOnlyForDeploymentPostprocessing = 0;
		};
/* End PBXFrameworksBuildPhase section */

/* Begin PBXGroup section */
		A809FBD125F66C0600DB8670 = {
			isa = PBXGroup;
			children = (
				A809FBDC25F66C0600DB8670 /* AMCodeScanner_Example */,
				A809FBDB25F66C0600DB8670 /* Products */,
			);
			sourceTree = "<group>";
		};
		A809FBDB25F66C0600DB8670 /* Products */ = {
			isa = PBXGroup;
			children = (
				A809FBDA25F66C0600DB8670 /* AMCodeScanner_Example.app */,
			);
			name = Products;
			sourceTree = "<group>";
		};
		A809FBDC25F66C0600DB8670 /* AMCodeScanner_Example */ = {
			isa = PBXGroup;
			children = (
				A809FBDD25F66C0600DB8670 /* AppDelegate.swift */,
				A809FBDF25F66C0600DB8670 /* SceneDelegate.swift */,
				A809FBE125F66C0600DB8670 /* ViewController.swift */,
				A809FBE625F66C0700DB8670 /* Assets.xcassets */,
				A83A88DF25F6872100AC17D0 /* Main.storyboard */,
				A809FBE825F66C0700DB8670 /* LaunchScreen.storyboard */,
				A809FBEB25F66C0700DB8670 /* Info.plist */,
			);
			path = AMCodeScanner_Example;
			sourceTree = "<group>";
		};
/* End PBXGroup section */

/* Begin PBXNativeTarget section */
		A809FBD925F66C0600DB8670 /* AMCodeScanner_Example */ = {
			isa = PBXNativeTarget;
			buildConfigurationList = A809FBEE25F66C0700DB8670 /* Build configuration list for PBXNativeTarget "AMCodeScanner_Example" */;
			buildPhases = (
				A809FBD625F66C0600DB8670 /* Sources */,
				A809FBD725F66C0600DB8670 /* Frameworks */,
				A809FBD825F66C0600DB8670 /* Resources */,
			);
			buildRules = (
			);
			dependencies = (
			);
			name = AMCodeScanner_Example;
			packageProductDependencies = (
				A83A88E325F6882E00AC17D0 /* AMCodeScanner */,
			);
			productName = AMCodeScanner_Example;
			productReference = A809FBDA25F66C0600DB8670 /* AMCodeScanner_Example.app */;
			productType = "com.apple.product-type.application";
		};
/* End PBXNativeTarget section */

/* Begin PBXProject section */
		A809FBD225F66C0600DB8670 /* Project object */ = {
			isa = PBXProject;
			attributes = {
				LastSwiftUpdateCheck = 1240;
				LastUpgradeCheck = 1240;
				TargetAttributes = {
					A809FBD925F66C0600DB8670 = {
						CreatedOnToolsVersion = 12.4;
					};
				};
			};
			buildConfigurationList = A809FBD525F66C0600DB8670 /* Build configuration list for PBXProject "AMCodeScanner_Example" */;
			compatibilityVersion = "Xcode 9.3";
			developmentRegion = en;
			hasScannedForEncodings = 0;
			knownRegions = (
				en,
				Base,
			);
			mainGroup = A809FBD125F66C0600DB8670;
			packageReferences = (
				A83A88E225F6882E00AC17D0 /* XCRemoteSwiftPackageReference "AMCodeScanner" */,
			);
			productRefGroup = A809FBDB25F66C0600DB8670 /* Products */;
			projectDirPath = "";
			projectRoot = "";
			targets = (
				A809FBD925F66C0600DB8670 /* AMCodeScanner_Example */,
			);
		};
/* End PBXProject section */

/* Begin PBXResourcesBuildPhase section */
		A809FBD825F66C0600DB8670 /* Resources */ = {
			isa = PBXResourcesBuildPhase;
			buildActionMask = 2147483647;
			files = (
				A83A88E025F6872100AC17D0 /* Main.storyboard in Resources */,
				A809FBEA25F66C0700DB8670 /* LaunchScreen.storyboard in Resources */,
				A809FBE725F66C0700DB8670 /* Assets.xcassets in Resources */,
			);
			runOnlyForDeploymentPostprocessing = 0;
		};
/* End PBXResourcesBuildPhase section */

/* Begin PBXSourcesBuildPhase section */
		A809FBD625F66C0600DB8670 /* Sources */ = {
			isa = PBXSourcesBuildPhase;
			buildActionMask = 2147483647;
			files = (
				A809FBE225F66C0600DB8670 /* ViewController.swift in Sources */,
				A809FBDE25F66C0600DB8670 /* AppDelegate.swift in Sources */,
				A809FBE025F66C0600DB8670 /* SceneDelegate.swift in Sources */,
			);
			runOnlyForDeploymentPostprocessing = 0;
		};
/* End PBXSourcesBuildPhase section */

/* Begin PBXVariantGroup section */
		A809FBE825F66C0700DB8670 /* LaunchScreen.storyboard */ = {
			isa = PBXVariantGroup;
			children = (
				A809FBE925F66C0700DB8670 /* Base */,
			);
			name = LaunchScreen.storyboard;
			sourceTree = "<group>";
		};
/* End PBXVariantGroup section */

/* Begin XCBuildConfiguration section */
		A809FBEC25F66C0700DB8670 /* Debug */ = {
			isa = XCBuildConfiguration;
			buildSettings = {
				ALWAYS_SEARCH_USER_PATHS = NO;
				CLANG_ANALYZER_NONNULL = YES;
				CLANG_ANALYZER_NUMBER_OBJECT_CONVERSION = YES_AGGRESSIVE;
				CLANG_CXX_LANGUAGE_STANDARD = "gnu++14";
				CLANG_CXX_LIBRARY = "libc++";
				CLANG_ENABLE_MODULES = YES;
				CLANG_ENABLE_OBJC_ARC = YES;
				CLANG_ENABLE_OBJC_WEAK = YES;
				CLANG_WARN_BLOCK_CAPTURE_AUTORELEASING = YES;
				CLANG_WARN_BOOL_CONVERSION = YES;
				CLANG_WARN_COMMA = YES;
				CLANG_WARN_CONSTANT_CONVERSION = YES;
				CLANG_WARN_DEPRECATED_OBJC_IMPLEMENTATIONS = YES;
				CLANG_WARN_DIRECT_OBJC_ISA_USAGE = YES_ERROR;
				CLANG_WARN_DOCUMENTATION_COMMENTS = YES;
				CLANG_WARN_EMPTY_BODY = YES;
				CLANG_WARN_ENUM_CONVERSION = YES;
				CLANG_WARN_INFINITE_RECURSION = YES;
				CLANG_WARN_INT_CONVERSION = YES;
				CLANG_WARN_NON_LITERAL_NULL_CONVERSION = YES;
				CLANG_WARN_OBJC_IMPLICIT_RETAIN_SELF = YES;
				CLANG_WARN_OBJC_LITERAL_CONVERSION = YES;
				CLANG_WARN_OBJC_ROOT_CLASS = YES_ERROR;
				CLANG_WARN_QUOTED_INCLUDE_IN_FRAMEWORK_HEADER = YES;
				CLANG_WARN_RANGE_LOOP_ANALYSIS = YES;
				CLANG_WARN_STRICT_PROTOTYPES = YES;
				CLANG_WARN_SUSPICIOUS_MOVE = YES;
				CLANG_WARN_UNGUARDED_AVAILABILITY = YES_AGGRESSIVE;
				CLANG_WARN_UNREACHABLE_CODE = YES;
				CLANG_WARN__DUPLICATE_METHOD_MATCH = YES;
				COPY_PHASE_STRIP = NO;
				DEBUG_INFORMATION_FORMAT = dwarf;
				ENABLE_STRICT_OBJC_MSGSEND = YES;
				ENABLE_TESTABILITY = YES;
				GCC_C_LANGUAGE_STANDARD = gnu11;
				GCC_DYNAMIC_NO_PIC = NO;
				GCC_NO_COMMON_BLOCKS = YES;
				GCC_OPTIMIZATION_LEVEL = 0;
				GCC_PREPROCESSOR_DEFINITIONS = (
					"DEBUG=1",
					"$(inherited)",
				);
				GCC_WARN_64_TO_32_BIT_CONVERSION = YES;
				GCC_WARN_ABOUT_RETURN_TYPE = YES_ERROR;
				GCC_WARN_UNDECLARED_SELECTOR = YES;
				GCC_WARN_UNINITIALIZED_AUTOS = YES_AGGRESSIVE;
				GCC_WARN_UNUSED_FUNCTION = YES;
				GCC_WARN_UNUSED_VARIABLE = YES;
				IPHONEOS_DEPLOYMENT_TARGET = 14.4;
				MTL_ENABLE_DEBUG_INFO = INCLUDE_SOURCE;
				MTL_FAST_MATH = YES;
				ONLY_ACTIVE_ARCH = YES;
				SDKROOT = iphoneos;
				SWIFT_ACTIVE_COMPILATION_CONDITIONS = DEBUG;
				SWIFT_OPTIMIZATION_LEVEL = "-Onone";
			};
			name = Debug;
		};
		A809FBED25F66C0700DB8670 /* Release */ = {
			isa = XCBuildConfiguration;
			buildSettings = {
				ALWAYS_SEARCH_USER_PATHS = NO;
				CLANG_ANALYZER_NONNULL = YES;
				CLANG_ANALYZER_NUMBER_OBJECT_CONVERSION = YES_AGGRESSIVE;
				CLANG_CXX_LANGUAGE_STANDARD = "gnu++14";
				CLANG_CXX_LIBRARY = "libc++";
				CLANG_ENABLE_MODULES = YES;
				CLANG_ENABLE_OBJC_ARC = YES;
				CLANG_ENABLE_OBJC_WEAK = YES;
				CLANG_WARN_BLOCK_CAPTURE_AUTORELEASING = YES;
				CLANG_WARN_BOOL_CONVERSION = YES;
				CLANG_WARN_COMMA = YES;
				CLANG_WARN_CONSTANT_CONVERSION = YES;
				CLANG_WARN_DEPRECATED_OBJC_IMPLEMENTATIONS = YES;
				CLANG_WARN_DIRECT_OBJC_ISA_USAGE = YES_ERROR;
				CLANG_WARN_DOCUMENTATION_COMMENTS = YES;
				CLANG_WARN_EMPTY_BODY = YES;
				CLANG_WARN_ENUM_CONVERSION = YES;
				CLANG_WARN_INFINITE_RECURSION = YES;
				CLANG_WARN_INT_CONVERSION = YES;
				CLANG_WARN_NON_LITERAL_NULL_CONVERSION = YES;
				CLANG_WARN_OBJC_IMPLICIT_RETAIN_SELF = YES;
				CLANG_WARN_OBJC_LITERAL_CONVERSION = YES;
				CLANG_WARN_OBJC_ROOT_CLASS = YES_ERROR;
				CLANG_WARN_QUOTED_INCLUDE_IN_FRAMEWORK_HEADER = YES;
				CLANG_WARN_RANGE_LOOP_ANALYSIS = YES;
				CLANG_WARN_STRICT_PROTOTYPES = YES;
				CLANG_WARN_SUSPICIOUS_MOVE = YES;
				CLANG_WARN_UNGUARDED_AVAILABILITY = YES_AGGRESSIVE;
				CLANG_WARN_UNREACHABLE_CODE = YES;
				CLANG_WARN__DUPLICATE_METHOD_MATCH = YES;
				COPY_PHASE_STRIP = NO;
				DEBUG_INFORMATION_FORMAT = "dwarf-with-dsym";
				ENABLE_NS_ASSERTIONS = NO;
				ENABLE_STRICT_OBJC_MSGSEND = YES;
				GCC_C_LANGUAGE_STANDARD = gnu11;
				GCC_NO_COMMON_BLOCKS = YES;
				GCC_WARN_64_TO_32_BIT_CONVERSION = YES;
				GCC_WARN_ABOUT_RETURN_TYPE = YES_ERROR;
				GCC_WARN_UNDECLARED_SELECTOR = YES;
				GCC_WARN_UNINITIALIZED_AUTOS = YES_AGGRESSIVE;
				GCC_WARN_UNUSED_FUNCTION = YES;
				GCC_WARN_UNUSED_VARIABLE = YES;
				IPHONEOS_DEPLOYMENT_TARGET = 14.4;
				MTL_ENABLE_DEBUG_INFO = NO;
				MTL_FAST_MATH = YES;
				SDKROOT = iphoneos;
				SWIFT_COMPILATION_MODE = wholemodule;
				SWIFT_OPTIMIZATION_LEVEL = "-O";
				VALIDATE_PRODUCT = YES;
			};
			name = Release;
		};
		A809FBEF25F66C0700DB8670 /* Debug */ = {
			isa = XCBuildConfiguration;
			buildSettings = {
				ASSETCATALOG_COMPILER_APPICON_NAME = AppIcon;
				ASSETCATALOG_COMPILER_GLOBAL_ACCENT_COLOR_NAME = AccentColor;
				CODE_SIGN_STYLE = Automatic;
				DEVELOPMENT_TEAM = CSFSL367FC;
				INFOPLIST_FILE = AMCodeScanner_Example/Info.plist;
				LD_RUNPATH_SEARCH_PATHS = (
					"$(inherited)",
					"@executable_path/Frameworks",
				);
				PRODUCT_BUNDLE_IDENTIFIER = "com.akhware.AMCodeScanner-Example";
				PRODUCT_NAME = "$(TARGET_NAME)";
				SWIFT_VERSION = 5.0;
				TARGETED_DEVICE_FAMILY = "1,2";
			};
			name = Debug;
		};
		A809FBF025F66C0700DB8670 /* Release */ = {
			isa = XCBuildConfiguration;
			buildSettings = {
				ASSETCATALOG_COMPILER_APPICON_NAME = AppIcon;
				ASSETCATALOG_COMPILER_GLOBAL_ACCENT_COLOR_NAME = AccentColor;
				CODE_SIGN_STYLE = Automatic;
				DEVELOPMENT_TEAM = CSFSL367FC;
				INFOPLIST_FILE = AMCodeScanner_Example/Info.plist;
				LD_RUNPATH_SEARCH_PATHS = (
					"$(inherited)",
					"@executable_path/Frameworks",
				);
				PRODUCT_BUNDLE_IDENTIFIER = "com.akhware.AMCodeScanner-Example";
				PRODUCT_NAME = "$(TARGET_NAME)";
				SWIFT_VERSION = 5.0;
				TARGETED_DEVICE_FAMILY = "1,2";
			};
			name = Release;
		};
/* End XCBuildConfiguration section */

/* Begin XCConfigurationList section */
		A809FBD525F66C0600DB8670 /* Build configuration list for PBXProject "AMCodeScanner_Example" */ = {
			isa = XCConfigurationList;
			buildConfigurations = (
				A809FBEC25F66C0700DB8670 /* Debug */,
				A809FBED25F66C0700DB8670 /* Release */,
			);
			defaultConfigurationIsVisible = 0;
			defaultConfigurationName = Release;
		};
		A809FBEE25F66C0700DB8670 /* Build configuration list for PBXNativeTarget "AMCodeScanner_Example" */ = {
			isa = XCConfigurationList;
			buildConfigurations = (
				A809FBEF25F66C0700DB8670 /* Debug */,
				A809FBF025F66C0700DB8670 /* Release */,
			);
			defaultConfigurationIsVisible = 0;
			defaultConfigurationName = Release;
		};
/* End XCConfigurationList section */

/* Begin XCRemoteSwiftPackageReference section */
		A83A88E225F6882E00AC17D0 /* XCRemoteSwiftPackageReference "AMCodeScanner" */ = {
			isa = XCRemoteSwiftPackageReference;
			repositoryURL = "https://github.com/DungeonDev78/AMCodeScanner.git";
			requirement = {
				kind = upToNextMajorVersion;
				minimumVersion = 1.0.0;
			};
		};
/* End XCRemoteSwiftPackageReference section */

/* Begin XCSwiftPackageProductDependency section */
		A83A88E325F6882E00AC17D0 /* AMCodeScanner */ = {
			isa = XCSwiftPackageProductDependency;
			package = A83A88E225F6882E00AC17D0 /* XCRemoteSwiftPackageReference "AMCodeScanner" */;
			productName = AMCodeScanner;
		};
/* End XCSwiftPackageProductDependency section */
	};
	rootObject = A809FBD225F66C0600DB8670 /* Project object */;
}
